PODS:
  - ActivityIndicatorView (0.0.6)
  - Alamofire (5.4.1)
  - IQKeyboardManagerSwift (6.5.6)
  - MaterialActivityIndicator (0.0.6)
  - MBProgressHUD (1.2.0)
  - PhoneNumberKit (3.3.1):
    - PhoneNumberKit/PhoneNumberKitCore (= 3.3.1)
    - PhoneNumberKit/UIKit (= 3.3.1)
  - PhoneNumberKit/PhoneNumberKitCore (3.3.1)
  - PhoneNumberKit/UIKit (3.3.1):
    - PhoneNumberKit/PhoneNumberKitCore
  - RNCryptor (5.1.0)
  - SideMenu (6.5.0)
  - SkeletonView (1.11.0)
  - SwiftGen (6.4.0)
  - SwiftLint (0.42.0)

DEPENDENCIES:
  - ActivityIndicatorView
  - Alamofire (~> 5.2)
  - IQKeyboardManagerSwift
  - MaterialActivityIndicator
  - MBProgressHUD (~> 1.2.0)
  - PhoneNumberKit (~> 3.3)
  - RNCryptor (~> 5.0)
  - SideMenu
  - SkeletonView
  - SwiftGen
  - SwiftLint

SPEC REPOS:
  trunk:
    - ActivityIndicatorView
    - Alamofire
    - IQKeyboardManagerSwift
    - MaterialActivityIndicator
    - MBProgressHUD
    - PhoneNumberKit
    - RNCryptor
    - SideMenu
    - SkeletonView
    - SwiftGen
    - SwiftLint

SPEC CHECKSUMS:
  ActivityIndicatorView: f7c08841e302c86d16c29b7c9554fce2a2bd9183
  Alamofire: 2291f7d21ca607c491dd17642e5d40fdcda0e65c
  IQKeyboardManagerSwift: c7df9d2deb356c04522f5c4b7b6e4ce4d8ed94fe
  MaterialActivityIndicator: 5061a52fadf7d22533734f2d34806311331bc424
  MBProgressHUD: 3ee5efcc380f6a79a7cc9b363dd669c5e1ae7406
  PhoneNumberKit: ff153d5e299f6da566cb73c6aa71e354933b2932
  RNCryptor: a369134686cd2ad391323cc856b62e591193ba79
  SideMenu: f583187d21c5b1dd04c72002be544b555a2627a2
  SkeletonView: cc84ce90a804dd0dd7198dd802833411c8a64eaf
  SwiftGen: 67860cc7c3cfc2ed25b9b74cfd55495fc89f9108
  SwiftLint: 4fa9579c63416865179bc416f0a92d55f009600d

PODFILE CHECKSUM: 37663a1df21cc9ff02f43ae0702f030468adf700

COCOAPODS: 1.9.3
